{
  "nodes": {
    "fish-colored-man": {
      "flake": false,
      "locked": {
        "lastModified": 1626408713,
        "narHash": "sha256-uoZ4eSFbZlsRfISIkJQp24qPUNqxeD0JbRb/gVdRYlA=",
        "owner": "decors",
        "repo": "fish-colored-man",
        "rev": "1ad8fff696d48c8bf173aa98f9dff39d7916de0e",
        "type": "github"
      },
      "original": {
        "owner": "decors",
        "repo": "fish-colored-man",
        "type": "github"
      }
    },
    "fish-nix-env": {
      "flake": false,
      "locked": {
        "lastModified": 1612943836,
        "narHash": "sha256-qt63SHfHWQnDBvaL+NOVgGA1Pt6tbWhV+1op0JoQNMM=",
        "owner": "lilyball",
        "repo": "nix-env.fish",
        "rev": "00c6cc762427efe08ac0bd0d1b1d12048d3ca727",
        "type": "github"
      },
      "original": {
        "owner": "lilyball",
        "repo": "nix-env.fish",
        "type": "github"
      }
    },
    "home-manager": {
      "inputs": {
        "nixpkgs": [
          "nixpkgs"
        ]
      },
      "locked": {
        "lastModified": 1635123562,
        "narHash": "sha256-kYuwQqHXDYxy5ijpm8SvCoPNx0br1TpoWeTIOEwOYvA=",
        "owner": "nix-community",
        "repo": "home-manager",
        "rev": "da8a78eec9f7adb57f9e961d1da64805efacff37",
        "type": "github"
      },
      "original": {
        "owner": "nix-community",
        "ref": "master",
        "repo": "home-manager",
        "type": "github"
      }
    },
    "nixpkgs": {
      "locked": {
        "lastModified": 1634782485,
        "narHash": "sha256-psfh4OQSokGXG0lpq3zKFbhOo3QfoeudRcaUnwMRkQo=",
        "owner": "NixOS",
        "repo": "nixpkgs",
        "rev": "34ad3ffe08adfca17fcb4e4a47bb5f3b113687be",
        "type": "github"
      },
      "original": {
        "owner": "NixOS",
        "ref": "nixos-unstable",
        "repo": "nixpkgs",
        "type": "github"
      }
    },
    "root": {
      "inputs": {
        "fish-colored-man": "fish-colored-man",
        "fish-nix-env": "fish-nix-env",
        "home-manager": "home-manager",
        "nixpkgs": "nixpkgs"
      }
    }
  },
  "root": "root",
  "version": 7
}
